// !$*UTF8*$!
{
	archiveVersion = 1;
	classes = {
	};
	objectVersion = 46;
	objects = {

/* Begin PBXBuildFile section */
		A5A79C681EFEB6D800421C3B /* AppDelegate.swift in Sources */ = {isa = PBXBuildFile; fileRef = A5A79C671EFEB6D800421C3B /* AppDelegate.swift */; };
		A5A79C6A1EFEB6D800421C3B /* ViewController.swift in Sources */ = {isa = PBXBuildFile; fileRef = A5A79C691EFEB6D800421C3B /* ViewController.swift */; };
		A5A79C6D1EFEB6D800421C3B /* Main.storyboard in Resources */ = {isa = PBXBuildFile; fileRef = A5A79C6B1EFEB6D800421C3B /* Main.storyboard */; };
		A5A79C701EFEB6D800421C3B /* CIS55_Lab4.xcdatamodeld in Sources */ = {isa = PBXBuildFile; fileRef = A5A79C6E1EFEB6D800421C3B /* CIS55_Lab4.xcdatamodeld */; };
		A5A79C721EFEB6D800421C3B /* Assets.xcassets in Resources */ = {isa = PBXBuildFile; fileRef = A5A79C711EFEB6D800421C3B /* Assets.xcassets */; };
		A5A79C751EFEB6D800421C3B /* LaunchScreen.storyboard in Resources */ = {isa = PBXBuildFile; fileRef = A5A79C731EFEB6D800421C3B /* LaunchScreen.storyboard */; };
/* End PBXBuildFile section */

/* Begin PBXFileReference section */
		A5A79C641EFEB6D800421C3B /* CIS55_Lab4.app */ = {isa = PBXFileReference; explicitFileType = wrapper.application; includeInIndex = 0; path = CIS55_Lab4.app; sourceTree = BUILT_PRODUCTS_DIR; };
		A5A79C671EFEB6D800421C3B /* AppDelegate.swift */ = {isa = PBXFileReference; lastKnownFileType = sourcecode.swift; path = AppDelegate.swift; sourceTree = "<group>"; };
		A5A79C691EFEB6D800421C3B /* ViewController.swift */ = {isa = PBXFileReference; lastKnownFileType = sourcecode.swift; path = ViewController.swift; sourceTree = "<group>"; };
		A5A79C6C1EFEB6D800421C3B /* Base */ = {isa = PBXFileReference; lastKnownFileType = file.storyboard; name = Base; path = Base.lproj/Main.storyboard; sourceTree = "<group>"; };
		A5A79C6F1EFEB6D800421C3B /* CIS55_Lab4.xcdatamodel */ = {isa = PBXFileReference; lastKnownFileType = wrapper.xcdatamodel; path = CIS55_Lab4.xcdatamodel; sourceTree = "<group>"; };
		A5A79C711EFEB6D800421C3B /* Assets.xcassets */ = {isa = PBXFileReference; lastKnownFileType = folder.assetcatalog; path = Assets.xcassets; sourceTree = "<group>"; };
		A5A79C741EFEB6D800421C3B /* Base */ = {isa = PBXFileReference; lastKnownFileType = file.storyboard; name = Base; path = Base.lproj/LaunchScreen.storyboard; sourceTree = "<group>"; };
		A5A79C761EFEB6D800421C3B /* Info.plist */ = {isa = PBXFileReference; lastKnownFileType = text.plist.xml; path = Info.plist; sourceTree = "<group>"; };
/* End PBXFileReference section */

/* Begin PBXFrameworksBuildPhase section */
		A5A79C611EFEB6D800421C3B /* Frameworks */ = {
			isa = PBXFrameworksBuildPhase;
			buildActionMask = 2147483647;
			files = (
			);
			runOnlyForDeploymentPostprocessing = 0;
		};
/* End PBXFrameworksBuildPhase section */

/* Begin PBXGroup section */
		A5A79C5B1EFEB6D800421C3B = {
			isa = PBXGroup;
			children = (
				A5A79C661EFEB6D800421C3B /* CIS55_Lab4 */,
				A5A79C651EFEB6D800421C3B /* Products */,
			);
			sourceTree = "<group>";
		};
		A5A79C651EFEB6D800421C3B /* Products */ = {
			isa = PBXGroup;
			children = (
				A5A79C641EFEB6D800421C3B /* CIS55_Lab4.app */,
			);
			name = Products;
			sourceTree = "<group>";
		};
		A5A79C661EFEB6D800421C3B /* CIS55_Lab4 */ = {
			isa = PBXGroup;
			children = (
				A5A79C671EFEB6D800421C3B /* AppDelegate.swift */,
				A5A79C691EFEB6D800421C3B /* ViewController.swift */,
				A5A79C6B1EFEB6D800421C3B /* Main.storyboard */,
				A5A79C711EFEB6D800421C3B /* Assets.xcassets */,
				A5A79C731EFEB6D800421C3B /* LaunchScreen.storyboard */,
				A5A79C761EFEB6D800421C3B /* Info.plist */,
				A5A79C6E1EFEB6D800421C3B /* CIS55_Lab4.xcdatamodeld */,
			);
			path = CIS55_Lab4;
			sourceTree = "<group>";
		};
/* End PBXGroup section */

/* Begin PBXNativeTarget section */
		A5A79C631EFEB6D800421C3B /* CIS55_Lab4 */ = {
			isa = PBXNativeTarget;
			buildConfigurationList = A5A79C791EFEB6D800421C3B /* Build configuration list for PBXNativeTarget "CIS55_Lab4" */;
			buildPhases = (
				A5A79C601EFEB6D800421C3B /* Sources */,
				A5A79C611EFEB6D800421C3B /* Frameworks */,
				A5A79C621EFEB6D800421C3B /* Resources */,
			);
			buildRules = (
			);
			dependencies = (
			);
			name = CIS55_Lab4;
			productName = CIS55_Lab4;
			productReference = A5A79C641EFEB6D800421C3B /* CIS55_Lab4.app */;
			productType = "com.apple.product-type.application";
		};
/* End PBXNativeTarget section */

/* Begin PBXProject section */
		A5A79C5C1EFEB6D800421C3B /* Project object */ = {
			isa = PBXProject;
			attributes = {
				LastSwiftUpdateCheck = 0830;
				LastUpgradeCheck = 0830;
				ORGANIZATIONNAME = DeAnza;
				TargetAttributes = {
					A5A79C631EFEB6D800421C3B = {
						CreatedOnToolsVersion = 8.3.1;
						DevelopmentTeam = QYEX25B3P3;
						ProvisioningStyle = Automatic;
					};
				};
			};
			buildConfigurationList = A5A79C5F1EFEB6D800421C3B /* Build configuration list for PBXProject "CIS55_Lab4" */;
			compatibilityVersion = "Xcode 3.2";
			developmentRegion = English;
			hasScannedForEncodings = 0;
			knownRegions = (
				en,
				Base,
			);
			mainGroup = A5A79C5B1EFEB6D800421C3B;
			productRefGroup = A5A79C651EFEB6D800421C3B /* Products */;
			projectDirPath = "";
			projectRoot = "";
			targets = (
				A5A79C631EFEB6D800421C3B /* CIS55_Lab4 */,
			);
		};
/* End PBXProject section */

/* Begin PBXResourcesBuildPhase section */
		A5A79C621EFEB6D800421C3B /* Resources */ = {
			isa = PBXResourcesBuildPhase;
			buildActionMask = 2147483647;
			files = (
				A5A79C751EFEB6D800421C3B /* LaunchScreen.storyboard in Resources */,
				A5A79C721EFEB6D800421C3B /* Assets.xcassets in Resources */,
				A5A79C6D1EFEB6D800421C3B /* Main.storyboard in Resources */,
			);
			runOnlyForDeploymentPostprocessing = 0;
		};
/* End PBXResourcesBuildPhase section */

/* Begin PBXSourcesBuildPhase section */
		A5A79C601EFEB6D800421C3B /* Sources */ = {
			isa = PBXSourcesBuildPhase;
			buildActionMask = 2147483647;
			files = (
				A5A79C6A1EFEB6D800421C3B /* ViewController.swift in Sources */,
				A5A79C681EFEB6D800421C3B /* AppDelegate.swift in Sources */,
				A5A79C701EFEB6D800421C3B /* CIS55_Lab4.xcdatamodeld in Sources */,
			);
			runOnlyForDeploymentPostprocessing = 0;
		};
/* End PBXSourcesBuildPhase section */

/* Begin PBXVariantGroup section */
		A5A79C6B1EFEB6D800421C3B /* Main.storyboard */ = {
			isa = PBXVariantGroup;
			children = (
				A5A79C6C1EFEB6D800421C3B /* Base */,
			);
			name = Main.storyboard;
			sourceTree = "<group>";
		};
		A5A79C731EFEB6D800421C3B /* LaunchScreen.storyboard */ = {
			isa = PBXVariantGroup;
			children = (
				A5A79C741EFEB6D800421C3B /* Base */,
			);
			name = LaunchScreen.storyboard;
			sourceTree = "<group>";
		};
/* End PBXVariantGroup section */

/* Begin XCBuildConfiguration section */
		A5A79C771EFEB6D800421C3B /* Debug */ = {
			isa = XCBuildConfiguration;
			buildSettings = {
				ALWAYS_SEARCH_USER_PATHS = NO;
				CLANG_ANALYZER_NONNULL = YES;
				CLANG_ANALYZER_NUMBER_OBJECT_CONVERSION = YES_AGGRESSIVE;
				CLANG_CXX_LANGUAGE_STANDARD = "gnu++0x";
				CLANG_CXX_LIBRARY = "libc++";
				CLANG_ENABLE_MODULES = YES;
				CLANG_ENABLE_OBJC_ARC = YES;
				CLANG_WARN_BOOL_CONVERSION = YES;
				CLANG_WARN_CONSTANT_CONVERSION = YES;
				CLANG_WARN_DIRECT_OBJC_ISA_USAGE = YES_ERROR;
				CLANG_WARN_DOCUMENTATION_COMMENTS = YES;
				CLANG_WARN_EMPTY_BODY = YES;
				CLANG_WARN_ENUM_CONVERSION = YES;
				CLANG_WARN_INFINITE_RECURSION = YES;
				CLANG_WARN_INT_CONVERSION = YES;
				CLANG_WARN_OBJC_ROOT_CLASS = YES_ERROR;
				CLANG_WARN_SUSPICIOUS_MOVE = YES;
				CLANG_WARN_UNREACHABLE_CODE = YES;
				CLANG_WARN__DUPLICATE_METHOD_MATCH = YES;
				"CODE_SIGN_IDENTITY[sdk=iphoneos*]" = "iPhone Developer";
				COPY_PHASE_STRIP = NO;
				DEBUG_INFORMATION_FORMAT = dwarf;
				ENABLE_STRICT_OBJC_MSGSEND = YES;
				ENABLE_TESTABILITY = YES;
				GCC_C_LANGUAGE_STANDARD = gnu99;
				GCC_DYNAMIC_NO_PIC = NO;
				GCC_NO_COMMON_BLOCKS = YES;
				GCC_OPTIMIZATION_LEVEL = 0;
				GCC_PREPROCESSOR_DEFINITIONS = (
					"DEBUG=1",
					"$(inherited)",
				);
				GCC_WARN_64_TO_32_BIT_CONVERSION = YES;
				GCC_WARN_ABOUT_RETURN_TYPE = YES_ERROR;
				GCC_WARN_UNDECLARED_SELECTOR = YES;
				GCC_WARN_UNINITIALIZED_AUTOS = YES_AGGRESSIVE;
				GCC_WARN_UNUSED_FUNCTION = YES;
				GCC_WARN_UNUSED_VARIABLE = YES;
				IPHONEOS_DEPLOYMENT_TARGET = 10.3;
				MTL_ENABLE_DEBUG_INFO = YES;
				ONLY_ACTIVE_ARCH = YES;
				SDKROOT = iphoneos;
				SWIFT_ACTIVE_COMPILATION_CONDITIONS = DEBUG;
				SWIFT_OPTIMIZATION_LEVEL = "-Onone";
			};
			name = Debug;
		};
		A5A79C781EFEB6D800421C3B /* Release */ = {
			isa = XCBuildConfiguration;
			buildSettings = {
				ALWAYS_SEARCH_USER_PATHS = NO;
				CLANG_ANALYZER_NONNULL = YES;
				CLANG_ANALYZER_NUMBER_OBJECT_CONVERSION = YES_AGGRESSIVE;
				CLANG_CXX_LANGUAGE_STANDARD = "gnu++0x";
				CLANG_CXX_LIBRARY = "libc++";
				CLANG_ENABLE_MODULES = YES;
				CLANG_ENABLE_OBJC_ARC = YES;
				CLANG_WARN_BOOL_CONVERSION = YES;
				CLANG_WARN_CONSTANT_CONVERSION = YES;
				CLANG_WARN_DIRECT_OBJC_ISA_USAGE = YES_ERROR;
				CLANG_WARN_DOCUMENTATION_COMMENTS = YES;
				CLANG_WARN_EMPTY_BODY = YES;
				CLANG_WARN_ENUM_CONVERSION = YES;
				CLANG_WARN_INFINITE_RECURSION = YES;
				CLANG_WARN_INT_CONVERSION = YES;
				CLANG_WARN_OBJC_ROOT_CLASS = YES_ERROR;
				CLANG_WARN_SUSPICIOUS_MOVE = YES;
				CLANG_WARN_UNREACHABLE_CODE = YES;
				CLANG_WARN__DUPLICATE_METHOD_MATCH = YES;
				"CODE_SIGN_IDENTITY[sdk=iphoneos*]" = "iPhone Developer";
				COPY_PHASE_STRIP = NO;
				DEBUG_INFORMATION_FORMAT = "dwarf-with-dsym";
				ENABLE_NS_ASSERTIONS = NO;
				ENABLE_STRICT_OBJC_MSGSEND = YES;
				GCC_C_LANGUAGE_STANDARD = gnu99;
				GCC_NO_COMMON_BLOCKS = YES;
				GCC_WARN_64_TO_32_BIT_CONVERSION = YES;
				GCC_WARN_ABOUT_RETURN_TYPE = YES_ERROR;
				GCC_WARN_UNDECLARED_SELECTOR = YES;
				GCC_WARN_UNINITIALIZED_AUTOS = YES_AGGRESSIVE;
				GCC_WARN_UNUSED_FUNCTION = YES;
				GCC_WARN_UNUSED_VARIABLE = YES;
				IPHONEOS_DEPLOYMENT_TARGET = 10.3;
				MTL_ENABLE_DEBUG_INFO = NO;
				SDKROOT = iphoneos;
				SWIFT_OPTIMIZATION_LEVEL = "-Owholemodule";
				VALIDATE_PRODUCT = YES;
			};
			name = Release;
		};
		A5A79C7A1EFEB6D800421C3B /* Debug */ = {
			isa = XCBuildConfiguration;
			buildSettings = {
				ASSETCATALOG_COMPILER_APPICON_NAME = AppIcon;
				DEVELOPMENT_TEAM = QYEX25B3P3;
				INFOPLIST_FILE = CIS55_Lab4/Info.plist;
				LD_RUNPATH_SEARCH_PATHS = "$(inherited) @executable_path/Frameworks";
				PRODUCT_BUNDLE_IDENTIFIER = "edu.deanza.schertilin.CIS55-Lab4";
				PRODUCT_NAME = "$(TARGET_NAME)";
				SWIFT_VERSION = 3.0;
			};
			name = Debug;
		};
		A5A79C7B1EFEB6D800421C3B /* Release */ = {
			isa = XCBuildConfiguration;
			buildSettings = {
				ASSETCATALOG_COMPILER_APPICON_NAME = AppIcon;
				DEVELOPMENT_TEAM = QYEX25B3P3;
				INFOPLIST_FILE = CIS55_Lab4/Info.plist;
				LD_RUNPATH_SEARCH_PATHS = "$(inherited) @executable_path/Frameworks";
				PRODUCT_BUNDLE_IDENTIFIER = "edu.deanza.schertilin.CIS55-Lab4";
				PRODUCT_NAME = "$(TARGET_NAME)";
				SWIFT_VERSION = 3.0;
			};
			name = Release;
		};
/* End XCBuildConfiguration section */

/* Begin XCConfigurationList section */
		A5A79C5F1EFEB6D800421C3B /* Build configuration list for PBXProject "CIS55_Lab4" */ = {
			isa = XCConfigurationList;
			buildConfigurations = (
				A5A79C771EFEB6D800421C3B /* Debug */,
				A5A79C781EFEB6D800421C3B /* Release */,
			);
			defaultConfigurationIsVisible = 0;
			defaultConfigurationName = Release;
		};
		A5A79C791EFEB6D800421C3B /* Build configuration list for PBXNativeTarget "CIS55_Lab4" */ = {
			isa = XCConfigurationList;
			buildConfigurations = (
				A5A79C7A1EFEB6D800421C3B /* Debug */,
				A5A79C7B1EFEB6D800421C3B /* Release */,
			);
			defaultConfigurationIsVisible = 0;
		};
/* End XCConfigurationList section */

/* Begin XCVersionGroup section */
		A5A79C6E1EFEB6D800421C3B /* CIS55_Lab4.xcdatamodeld */ = {
			isa = XCVersionGroup;
			children = (
				A5A79C6F1EFEB6D800421C3B /* CIS55_Lab4.xcdatamodel */,
			);
			currentVersion = A5A79C6F1EFEB6D800421C3B /* CIS55_Lab4.xcdatamodel */;
			path = CIS55_Lab4.xcdatamodeld;
			sourceTree = "<group>";
			versionGroupType = wrapper.xcdatamodel;
		};
/* End XCVersionGroup section */
	};
	rootObject = A5A79C5C1EFEB6D800421C3B /* Project object */;
}
